
Microsoft Visual Studio Solution File, Format Version 12.00
# Visual Studio Version 17
VisualStudioVersion = 17.14.36616.10 d17.14
MinimumVisualStudioVersion = 10.0.40219.1
Project("{FAE04EC0-301F-11D3-BF4B-00C04F79EFBC}") = "rabbitmqtest", "rabbitmqtest\rabbitmqtest.csproj", "{E227F390-34D5-4288-9674-E8582BF94055}"
EndProject
Global
	GlobalSection(SolutionConfigurationPlatforms) = preSolution
		Debug|Any CPU = Debug|Any CPU
		Release|Any CPU = Release|Any CPU
	EndGlobalSection
	GlobalSection(ProjectConfigurationPlatforms) = postSolution
		{E227F390-34D5-4288-9674-E8582BF94055}.Debug|Any CPU.ActiveCfg = Debug|Any CPU
		{E227F390-34D5-4288-9674-E8582BF94055}.Debug|Any CPU.Build.0 = Debug|Any CPU
		{E227F390-34D5-4288-9674-E8582BF94055}.Release|Any CPU.ActiveCfg = Release|Any CPU
		{E227F390-34D5-4288-9674-E8582BF94055}.Release|Any CPU.Build.0 = Release|Any CPU
	EndGlobalSection
	GlobalSection(SolutionProperties) = preSolution
		HideSolutionNode = FALSE
	EndGlobalSection
	GlobalSection(ExtensibilityGlobals) = postSolution
		SolutionGuid = {C38AACF7-C169-48B7-AFAD-D8A4EFA6DAFE}
	EndGlobalSection
EndGlobal
